
Microsoft Visual Studio Solution File, Format Version 12.00
# Visual Studio Version 16
VisualStudioVersion = 16.0.33214.272
MinimumVisualStudioVersion = 10.0.40219.1
Project("{FAE04EC0-301F-11D3-BF4B-00C04F79EFBC}") = "Mission06_Movies", "Mission06_Movies\Mission06_Movies.csproj", "{0C56E513-5C71-4692-9EAD-7820804F395E}"
EndProject
Global
	GlobalSection(SolutionConfigurationPlatforms) = preSolution
		Debug|Any CPU = Debug|Any CPU
		Release|Any CPU = Release|Any CPU
	EndGlobalSection
	GlobalSection(ProjectConfigurationPlatforms) = postSolution
		{0C56E513-5C71-4692-9EAD-7820804F395E}.Debug|Any CPU.ActiveCfg = Debug|Any CPU
		{0C56E513-5C71-4692-9EAD-7820804F395E}.Debug|Any CPU.Build.0 = Debug|Any CPU
		{0C56E513-5C71-4692-9EAD-7820804F395E}.Release|Any CPU.ActiveCfg = Release|Any CPU
		{0C56E513-5C71-4692-9EAD-7820804F395E}.Release|Any CPU.Build.0 = Release|Any CPU
	EndGlobalSection
	GlobalSection(SolutionProperties) = preSolution
		HideSolutionNode = FALSE
	EndGlobalSection
	GlobalSection(ExtensibilityGlobals) = postSolution
		SolutionGuid = {B6785C29-0C2B-42BA-AAB0-E2F44F312823}
	EndGlobalSection
EndGlobal
